// !$*UTF8*$!
{
	archiveVersion = 1;
	classes = {
	};
	objectVersion = 46;
	objects = {

/* Begin PBXBuildFile section */
		2023C4CF1F72A6B300EDB949 /* AVFoundation.framework in Frameworks */ = {isa = PBXBuildFile; fileRef = 2023C4CE1F72A6B300EDB949 /* AVFoundation.framework */; };
		20780B781F72152400EED5EF /* main.m in Sources */ = {isa = PBXBuildFile; fileRef = 20780B771F72152400EED5EF /* main.m */; };
		20780B7B1F72152400EED5EF /* AppDelegate.m in Sources */ = {isa = PBXBuildFile; fileRef = 20780B7A1F72152400EED5EF /* AppDelegate.m */; };
		20780B7E1F72152400EED5EF /* ViewController.m in Sources */ = {isa = PBXBuildFile; fileRef = 20780B7D1F72152400EED5EF /* ViewController.m */; };
		20780B811F72152400EED5EF /* Main.storyboard in Resources */ = {isa = PBXBuildFile; fileRef = 20780B7F1F72152400EED5EF /* Main.storyboard */; };
		20780B831F72152400EED5EF /* Assets.xcassets in Resources */ = {isa = PBXBuildFile; fileRef = 20780B821F72152400EED5EF /* Assets.xcassets */; };
		20780B861F72152400EED5EF /* LaunchScreen.storyboard in Resources */ = {isa = PBXBuildFile; fileRef = 20780B841F72152400EED5EF /* LaunchScreen.storyboard */; };
		20780B9E1F7277A400EED5EF /* bg_tile.png in Resources */ = {isa = PBXBuildFile; fileRef = 20780B8D1F7277A400EED5EF /* bg_tile.png */; };
		20780B9F1F7277A400EED5EF /* bg_tile@2x.png in Resources */ = {isa = PBXBuildFile; fileRef = 20780B8E1F7277A400EED5EF /* bg_tile@2x.png */; };
		20780BA01F7277A400EED5EF /* button_tap_deselected.png in Resources */ = {isa = PBXBuildFile; fileRef = 20780B8F1F7277A400EED5EF /* button_tap_deselected.png */; };
		20780BA11F7277A400EED5EF /* button_tap_deselected@2x.png in Resources */ = {isa = PBXBuildFile; fileRef = 20780B901F7277A400EED5EF /* button_tap_deselected@2x.png */; };
		20780BA21F7277A400EED5EF /* button_tap_selected.png in Resources */ = {isa = PBXBuildFile; fileRef = 20780B911F7277A400EED5EF /* button_tap_selected.png */; };
		20780BA31F7277A400EED5EF /* button_tap_selected@2x.png in Resources */ = {isa = PBXBuildFile; fileRef = 20780B921F7277A400EED5EF /* button_tap_selected@2x.png */; };
		20780BA41F7277A400EED5EF /* ButtonTap.wav in Resources */ = {isa = PBXBuildFile; fileRef = 20780B931F7277A400EED5EF /* ButtonTap.wav */; };
		20780BA51F7277A400EED5EF /* checker_bottom.png in Resources */ = {isa = PBXBuildFile; fileRef = 20780B941F7277A400EED5EF /* checker_bottom.png */; };
		20780BA61F7277A400EED5EF /* checker_bottom@2x.png in Resources */ = {isa = PBXBuildFile; fileRef = 20780B951F7277A400EED5EF /* checker_bottom@2x.png */; };
		20780BA71F7277A400EED5EF /* checker_top.png in Resources */ = {isa = PBXBuildFile; fileRef = 20780B961F7277A400EED5EF /* checker_top.png */; };
		20780BA81F7277A400EED5EF /* checker_top@2x.png in Resources */ = {isa = PBXBuildFile; fileRef = 20780B971F7277A400EED5EF /* checker_top@2x.png */; };
		20780BA91F7277A400EED5EF /* field_score.png in Resources */ = {isa = PBXBuildFile; fileRef = 20780B981F7277A400EED5EF /* field_score.png */; };
		20780BAA1F7277A400EED5EF /* field_score@2x.png in Resources */ = {isa = PBXBuildFile; fileRef = 20780B991F7277A400EED5EF /* field_score@2x.png */; };
		20780BAB1F7277A400EED5EF /* field_time.png in Resources */ = {isa = PBXBuildFile; fileRef = 20780B9A1F7277A400EED5EF /* field_time.png */; };
		20780BAC1F7277A400EED5EF /* field_time@2x.png in Resources */ = {isa = PBXBuildFile; fileRef = 20780B9B1F7277A400EED5EF /* field_time@2x.png */; };
		20780BAD1F7277A400EED5EF /* HallOfTheMountainKing.mp3 in Resources */ = {isa = PBXBuildFile; fileRef = 20780B9C1F7277A400EED5EF /* HallOfTheMountainKing.mp3 */; };
		20780BAE1F7277A400EED5EF /* SecondBeep.wav in Resources */ = {isa = PBXBuildFile; fileRef = 20780B9D1F7277A400EED5EF /* SecondBeep.wav */; };
/* End PBXBuildFile section */

/* Begin PBXFileReference section */
		2023C4CE1F72A6B300EDB949 /* AVFoundation.framework */ = {isa = PBXFileReference; lastKnownFileType = wrapper.framework; name = AVFoundation.framework; path = System/Library/Frameworks/AVFoundation.framework; sourceTree = SDKROOT; };
		20780B731F72152400EED5EF /* Tap Me.app */ = {isa = PBXFileReference; explicitFileType = wrapper.application; includeInIndex = 0; path = "Tap Me.app"; sourceTree = BUILT_PRODUCTS_DIR; };
		20780B771F72152400EED5EF /* main.m */ = {isa = PBXFileReference; lastKnownFileType = sourcecode.c.objc; path = main.m; sourceTree = "<group>"; };
		20780B791F72152400EED5EF /* AppDelegate.h */ = {isa = PBXFileReference; lastKnownFileType = sourcecode.c.h; path = AppDelegate.h; sourceTree = "<group>"; };
		20780B7A1F72152400EED5EF /* AppDelegate.m */ = {isa = PBXFileReference; lastKnownFileType = sourcecode.c.objc; path = AppDelegate.m; sourceTree = "<group>"; };
		20780B7C1F72152400EED5EF /* ViewController.h */ = {isa = PBXFileReference; lastKnownFileType = sourcecode.c.h; path = ViewController.h; sourceTree = "<group>"; };
		20780B7D1F72152400EED5EF /* ViewController.m */ = {isa = PBXFileReference; lastKnownFileType = sourcecode.c.objc; path = ViewController.m; sourceTree = "<group>"; };
		20780B801F72152400EED5EF /* Base */ = {isa = PBXFileReference; lastKnownFileType = file.storyboard; name = Base; path = Base.lproj/Main.storyboard; sourceTree = "<group>"; };
		20780B821F72152400EED5EF /* Assets.xcassets */ = {isa = PBXFileReference; lastKnownFileType = folder.assetcatalog; path = Assets.xcassets; sourceTree = "<group>"; };
		20780B851F72152400EED5EF /* Base */ = {isa = PBXFileReference; lastKnownFileType = file.storyboard; name = Base; path = Base.lproj/LaunchScreen.storyboard; sourceTree = "<group>"; };
		20780B871F72152400EED5EF /* Info.plist */ = {isa = PBXFileReference; lastKnownFileType = text.plist.xml; path = Info.plist; sourceTree = "<group>"; };
		20780B8D1F7277A400EED5EF /* bg_tile.png */ = {isa = PBXFileReference; lastKnownFileType = image.png; path = bg_tile.png; sourceTree = "<group>"; };
		20780B8E1F7277A400EED5EF /* bg_tile@2x.png */ = {isa = PBXFileReference; lastKnownFileType = image.png; path = "bg_tile@2x.png"; sourceTree = "<group>"; };
		20780B8F1F7277A400EED5EF /* button_tap_deselected.png */ = {isa = PBXFileReference; lastKnownFileType = image.png; path = button_tap_deselected.png; sourceTree = "<group>"; };
		20780B901F7277A400EED5EF /* button_tap_deselected@2x.png */ = {isa = PBXFileReference; lastKnownFileType = image.png; path = "button_tap_deselected@2x.png"; sourceTree = "<group>"; };
		20780B911F7277A400EED5EF /* button_tap_selected.png */ = {isa = PBXFileReference; lastKnownFileType = image.png; path = button_tap_selected.png; sourceTree = "<group>"; };
		20780B921F7277A400EED5EF /* button_tap_selected@2x.png */ = {isa = PBXFileReference; lastKnownFileType = image.png; path = "button_tap_selected@2x.png"; sourceTree = "<group>"; };
		20780B931F7277A400EED5EF /* ButtonTap.wav */ = {isa = PBXFileReference; lastKnownFileType = audio.wav; path = ButtonTap.wav; sourceTree = "<group>"; };
		20780B941F7277A400EED5EF /* checker_bottom.png */ = {isa = PBXFileReference; lastKnownFileType = image.png; path = checker_bottom.png; sourceTree = "<group>"; };
		20780B951F7277A400EED5EF /* checker_bottom@2x.png */ = {isa = PBXFileReference; lastKnownFileType = image.png; path = "checker_bottom@2x.png"; sourceTree = "<group>"; };
		20780B961F7277A400EED5EF /* checker_top.png */ = {isa = PBXFileReference; lastKnownFileType = image.png; path = checker_top.png; sourceTree = "<group>"; };
		20780B971F7277A400EED5EF /* checker_top@2x.png */ = {isa = PBXFileReference; lastKnownFileType = image.png; path = "checker_top@2x.png"; sourceTree = "<group>"; };
		20780B981F7277A400EED5EF /* field_score.png */ = {isa = PBXFileReference; lastKnownFileType = image.png; path = field_score.png; sourceTree = "<group>"; };
		20780B991F7277A400EED5EF /* field_score@2x.png */ = {isa = PBXFileReference; lastKnownFileType = image.png; path = "field_score@2x.png"; sourceTree = "<group>"; };
		20780B9A1F7277A400EED5EF /* field_time.png */ = {isa = PBXFileReference; lastKnownFileType = image.png; path = field_time.png; sourceTree = "<group>"; };
		20780B9B1F7277A400EED5EF /* field_time@2x.png */ = {isa = PBXFileReference; lastKnownFileType = image.png; path = "field_time@2x.png"; sourceTree = "<group>"; };
		20780B9C1F7277A400EED5EF /* HallOfTheMountainKing.mp3 */ = {isa = PBXFileReference; lastKnownFileType = audio.mp3; path = HallOfTheMountainKing.mp3; sourceTree = "<group>"; };
		20780B9D1F7277A400EED5EF /* SecondBeep.wav */ = {isa = PBXFileReference; lastKnownFileType = audio.wav; path = SecondBeep.wav; sourceTree = "<group>"; };
/* End PBXFileReference section */

/* Begin PBXFrameworksBuildPhase section */
		20780B701F72152400EED5EF /* Frameworks */ = {
			isa = PBXFrameworksBuildPhase;
			buildActionMask = 2147483647;
			files = (
				2023C4CF1F72A6B300EDB949 /* AVFoundation.framework in Frameworks */,
			);
			runOnlyForDeploymentPostprocessing = 0;
		};
/* End PBXFrameworksBuildPhase section */

/* Begin PBXGroup section */
		2023C4CD1F72A6B300EDB949 /* Frameworks */ = {
			isa = PBXGroup;
			children = (
				2023C4CE1F72A6B300EDB949 /* AVFoundation.framework */,
			);
			name = Frameworks;
			sourceTree = "<group>";
		};
		20780B6A1F72152400EED5EF = {
			isa = PBXGroup;
			children = (
				20780B751F72152400EED5EF /* Tap Me */,
				20780B741F72152400EED5EF /* Products */,
				2023C4CD1F72A6B300EDB949 /* Frameworks */,
			);
			sourceTree = "<group>";
		};
		20780B741F72152400EED5EF /* Products */ = {
			isa = PBXGroup;
			children = (
				20780B731F72152400EED5EF /* Tap Me.app */,
			);
			name = Products;
			sourceTree = "<group>";
		};
		20780B751F72152400EED5EF /* Tap Me */ = {
			isa = PBXGroup;
			children = (
				20780B7C1F72152400EED5EF /* ViewController.h */,
				20780B7D1F72152400EED5EF /* ViewController.m */,
				20780B7F1F72152400EED5EF /* Main.storyboard */,
				20780B761F72152400EED5EF /* Supporting Files */,
			);
			path = "Tap Me";
			sourceTree = "<group>";
		};
		20780B761F72152400EED5EF /* Supporting Files */ = {
			isa = PBXGroup;
			children = (
				20780B791F72152400EED5EF /* AppDelegate.h */,
				20780B7A1F72152400EED5EF /* AppDelegate.m */,
				20780B821F72152400EED5EF /* Assets.xcassets */,
				20780B841F72152400EED5EF /* LaunchScreen.storyboard */,
				20780B871F72152400EED5EF /* Info.plist */,
				20780B8D1F7277A400EED5EF /* bg_tile.png */,
				20780B8E1F7277A400EED5EF /* bg_tile@2x.png */,
				20780B8F1F7277A400EED5EF /* button_tap_deselected.png */,
				20780B901F7277A400EED5EF /* button_tap_deselected@2x.png */,
				20780B911F7277A400EED5EF /* button_tap_selected.png */,
				20780B921F7277A400EED5EF /* button_tap_selected@2x.png */,
				20780B931F7277A400EED5EF /* ButtonTap.wav */,
				20780B941F7277A400EED5EF /* checker_bottom.png */,
				20780B951F7277A400EED5EF /* checker_bottom@2x.png */,
				20780B961F7277A400EED5EF /* checker_top.png */,
				20780B971F7277A400EED5EF /* checker_top@2x.png */,
				20780B981F7277A400EED5EF /* field_score.png */,
				20780B991F7277A400EED5EF /* field_score@2x.png */,
				20780B9A1F7277A400EED5EF /* field_time.png */,
				20780B9B1F7277A400EED5EF /* field_time@2x.png */,
				20780B9C1F7277A400EED5EF /* HallOfTheMountainKing.mp3 */,
				20780B9D1F7277A400EED5EF /* SecondBeep.wav */,
				20780B771F72152400EED5EF /* main.m */,
			);
			name = "Supporting Files";
			sourceTree = "<group>";
		};
/* End PBXGroup section */

/* Begin PBXNativeTarget section */
		20780B721F72152400EED5EF /* Tap Me */ = {
			isa = PBXNativeTarget;
			buildConfigurationList = 20780B8A1F72152400EED5EF /* Build configuration list for PBXNativeTarget "Tap Me" */;
			buildPhases = (
				20780B6F1F72152400EED5EF /* Sources */,
				20780B701F72152400EED5EF /* Frameworks */,
				20780B711F72152400EED5EF /* Resources */,
			);
			buildRules = (
			);
			dependencies = (
			);
			name = "Tap Me";
			productName = "Tap Me";
			productReference = 20780B731F72152400EED5EF /* Tap Me.app */;
			productType = "com.apple.product-type.application";
		};
/* End PBXNativeTarget section */

/* Begin PBXProject section */
		20780B6B1F72152400EED5EF /* Project object */ = {
			isa = PBXProject;
			attributes = {
				LastUpgradeCheck = 0900;
				ORGANIZATIONNAME = RTG;
				TargetAttributes = {
					20780B721F72152400EED5EF = {
						CreatedOnToolsVersion = 8.3.3;
						DevelopmentTeam = G4G7LHL35D;
						ProvisioningStyle = Automatic;
					};
				};
			};
			buildConfigurationList = 20780B6E1F72152400EED5EF /* Build configuration list for PBXProject "Tap Me" */;
			compatibilityVersion = "Xcode 3.2";
			developmentRegion = English;
			hasScannedForEncodings = 0;
			knownRegions = (
				en,
				Base,
			);
			mainGroup = 20780B6A1F72152400EED5EF;
			productRefGroup = 20780B741F72152400EED5EF /* Products */;
			projectDirPath = "";
			projectRoot = "";
			targets = (
				20780B721F72152400EED5EF /* Tap Me */,
			);
		};
/* End PBXProject section */

/* Begin PBXResourcesBuildPhase section */
		20780B711F72152400EED5EF /* Resources */ = {
			isa = PBXResourcesBuildPhase;
			buildActionMask = 2147483647;
			files = (
				20780B9E1F7277A400EED5EF /* bg_tile.png in Resources */,
				20780B861F72152400EED5EF /* LaunchScreen.storyboard in Resources */,
				20780BAC1F7277A400EED5EF /* field_time@2x.png in Resources */,
				20780BA21F7277A400EED5EF /* button_tap_selected.png in Resources */,
				20780B831F72152400EED5EF /* Assets.xcassets in Resources */,
				20780BA31F7277A400EED5EF /* button_tap_selected@2x.png in Resources */,
				20780BAE1F7277A400EED5EF /* SecondBeep.wav in Resources */,
				20780BA01F7277A400EED5EF /* button_tap_deselected.png in Resources */,
				20780BA81F7277A400EED5EF /* checker_top@2x.png in Resources */,
				20780B811F72152400EED5EF /* Main.storyboard in Resources */,
				20780BA51F7277A400EED5EF /* checker_bottom.png in Resources */,
				20780BA71F7277A400EED5EF /* checker_top.png in Resources */,
				20780BA11F7277A400EED5EF /* button_tap_deselected@2x.png in Resources */,
				20780BA91F7277A400EED5EF /* field_score.png in Resources */,
				20780BAB1F7277A400EED5EF /* field_time.png in Resources */,
				20780BA41F7277A400EED5EF /* ButtonTap.wav in Resources */,
				20780B9F1F7277A400EED5EF /* bg_tile@2x.png in Resources */,
				20780BAA1F7277A400EED5EF /* field_score@2x.png in Resources */,
				20780BA61F7277A400EED5EF /* checker_bottom@2x.png in Resources */,
				20780BAD1F7277A400EED5EF /* HallOfTheMountainKing.mp3 in Resources */,
			);
			runOnlyForDeploymentPostprocessing = 0;
		};
/* End PBXResourcesBuildPhase section */

/* Begin PBXSourcesBuildPhase section */
		20780B6F1F72152400EED5EF /* Sources */ = {
			isa = PBXSourcesBuildPhase;
			buildActionMask = 2147483647;
			files = (
				20780B7E1F72152400EED5EF /* ViewController.m in Sources */,
				20780B7B1F72152400EED5EF /* AppDelegate.m in Sources */,
				20780B781F72152400EED5EF /* main.m in Sources */,
			);
			runOnlyForDeploymentPostprocessing = 0;
		};
/* End PBXSourcesBuildPhase section */

/* Begin PBXVariantGroup section */
		20780B7F1F72152400EED5EF /* Main.storyboard */ = {
			isa = PBXVariantGroup;
			children = (
				20780B801F72152400EED5EF /* Base */,
			);
			name = Main.storyboard;
			sourceTree = "<group>";
		};
		20780B841F72152400EED5EF /* LaunchScreen.storyboard */ = {
			isa = PBXVariantGroup;
			children = (
				20780B851F72152400EED5EF /* Base */,
			);
			name = LaunchScreen.storyboard;
			sourceTree = "<group>";
		};
/* End PBXVariantGroup section */

/* Begin XCBuildConfiguration section */
		20780B881F72152400EED5EF /* Debug */ = {
			isa = XCBuildConfiguration;
			buildSettings = {
				ALWAYS_SEARCH_USER_PATHS = NO;
				CLANG_ANALYZER_NONNULL = YES;
				CLANG_ANALYZER_NUMBER_OBJECT_CONVERSION = YES_AGGRESSIVE;
				CLANG_CXX_LANGUAGE_STANDARD = "gnu++0x";
				CLANG_CXX_LIBRARY = "libc++";
				CLANG_ENABLE_MODULES = YES;
				CLANG_ENABLE_OBJC_ARC = YES;
				CLANG_WARN_BLOCK_CAPTURE_AUTORELEASING = YES;
				CLANG_WARN_BOOL_CONVERSION = YES;
				CLANG_WARN_COMMA = YES;
				CLANG_WARN_CONSTANT_CONVERSION = YES;
				CLANG_WARN_DIRECT_OBJC_ISA_USAGE = YES_ERROR;
				CLANG_WARN_DOCUMENTATION_COMMENTS = YES;
				CLANG_WARN_EMPTY_BODY = YES;
				CLANG_WARN_ENUM_CONVERSION = YES;
				CLANG_WARN_INFINITE_RECURSION = YES;
				CLANG_WARN_INT_CONVERSION = YES;
				CLANG_WARN_NON_LITERAL_NULL_CONVERSION = YES;
				CLANG_WARN_OBJC_LITERAL_CONVERSION = YES;
				CLANG_WARN_OBJC_ROOT_CLASS = YES_ERROR;
				CLANG_WARN_RANGE_LOOP_ANALYSIS = YES;
				CLANG_WARN_STRICT_PROTOTYPES = YES;
				CLANG_WARN_SUSPICIOUS_MOVE = YES;
				CLANG_WARN_UNREACHABLE_CODE = YES;
				CLANG_WARN__DUPLICATE_METHOD_MATCH = YES;
				CODE_SIGN_IDENTITY = "iPhone Developer";
				"CODE_SIGN_IDENTITY[sdk=iphoneos*]" = "iPhone Developer";
				COPY_PHASE_STRIP = NO;
				DEBUG_INFORMATION_FORMAT = dwarf;
				ENABLE_STRICT_OBJC_MSGSEND = YES;
				ENABLE_TESTABILITY = YES;
				GCC_C_LANGUAGE_STANDARD = gnu99;
				GCC_DYNAMIC_NO_PIC = NO;
				GCC_NO_COMMON_BLOCKS = YES;
				GCC_OPTIMIZATION_LEVEL = 0;
				GCC_PREPROCESSOR_DEFINITIONS = (
					"DEBUG=1",
					"$(inherited)",
				);
				GCC_WARN_64_TO_32_BIT_CONVERSION = YES;
				GCC_WARN_ABOUT_RETURN_TYPE = YES_ERROR;
				GCC_WARN_UNDECLARED_SELECTOR = YES;
				GCC_WARN_UNINITIALIZED_AUTOS = YES_AGGRESSIVE;
				GCC_WARN_UNUSED_FUNCTION = YES;
				GCC_WARN_UNUSED_VARIABLE = YES;
				IPHONEOS_DEPLOYMENT_TARGET = 10.3;
				MTL_ENABLE_DEBUG_INFO = YES;
				ONLY_ACTIVE_ARCH = YES;
				SDKROOT = iphoneos;
			};
			name = Debug;
		};
		20780B891F72152400EED5EF /* Release */ = {
			isa = XCBuildConfiguration;
			buildSettings = {
				ALWAYS_SEARCH_USER_PATHS = NO;
				CLANG_ANALYZER_NONNULL = YES;
				CLANG_ANALYZER_NUMBER_OBJECT_CONVERSION = YES_AGGRESSIVE;
				CLANG_CXX_LANGUAGE_STANDARD = "gnu++0x";
				CLANG_CXX_LIBRARY = "libc++";
				CLANG_ENABLE_MODULES = YES;
				CLANG_ENABLE_OBJC_ARC = YES;
				CLANG_WARN_BLOCK_CAPTURE_AUTORELEASING = YES;
				CLANG_WARN_BOOL_CONVERSION = YES;
				CLANG_WARN_COMMA = YES;
				CLANG_WARN_CONSTANT_CONVERSION = YES;
				CLANG_WARN_DIRECT_OBJC_ISA_USAGE = YES_ERROR;
				CLANG_WARN_DOCUMENTATION_COMMENTS = YES;
				CLANG_WARN_EMPTY_BODY = YES;
				CLANG_WARN_ENUM_CONVERSION = YES;
				CLANG_WARN_INFINITE_RECURSION = YES;
				CLANG_WARN_INT_CONVERSION = YES;
				CLANG_WARN_NON_LITERAL_NULL_CONVERSION = YES;
				CLANG_WARN_OBJC_LITERAL_CONVERSION = YES;
				CLANG_WARN_OBJC_ROOT_CLASS = YES_ERROR;
				CLANG_WARN_RANGE_LOOP_ANALYSIS = YES;
				CLANG_WARN_STRICT_PROTOTYPES = YES;
				CLANG_WARN_SUSPICIOUS_MOVE = YES;
				CLANG_WARN_UNREACHABLE_CODE = YES;
				CLANG_WARN__DUPLICATE_METHOD_MATCH = YES;
				CODE_SIGN_IDENTITY = "iPhone Developer";
				"CODE_SIGN_IDENTITY[sdk=iphoneos*]" = "iPhone Developer";
				COPY_PHASE_STRIP = NO;
				DEBUG_INFORMATION_FORMAT = "dwarf-with-dsym";
				ENABLE_NS_ASSERTIONS = NO;
				ENABLE_STRICT_OBJC_MSGSEND = YES;
				GCC_C_LANGUAGE_STANDARD = gnu99;
				GCC_NO_COMMON_BLOCKS = YES;
				GCC_WARN_64_TO_32_BIT_CONVERSION = YES;
				GCC_WARN_ABOUT_RETURN_TYPE = YES_ERROR;
				GCC_WARN_UNDECLARED_SELECTOR = YES;
				GCC_WARN_UNINITIALIZED_AUTOS = YES_AGGRESSIVE;
				GCC_WARN_UNUSED_FUNCTION = YES;
				GCC_WARN_UNUSED_VARIABLE = YES;
				IPHONEOS_DEPLOYMENT_TARGET = 10.3;
				MTL_ENABLE_DEBUG_INFO = NO;
				SDKROOT = iphoneos;
				VALIDATE_PRODUCT = YES;
			};
			name = Release;
		};
		20780B8B1F72152400EED5EF /* Debug */ = {
			isa = XCBuildConfiguration;
			buildSettings = {
				ASSETCATALOG_COMPILER_APPICON_NAME = AppIcon;
				"CODE_SIGN_IDENTITY[sdk=iphoneos*]" = "iPhone Developer";
				CODE_SIGN_STYLE = Automatic;
				DEVELOPMENT_TEAM = "";
				INFOPLIST_FILE = "Tap Me/Info.plist";
				IPHONEOS_DEPLOYMENT_TARGET = 11.0;
				LD_RUNPATH_SEARCH_PATHS = "$(inherited) @executable_path/Frameworks";
				PRODUCT_BUNDLE_IDENTIFIER = "org.rtg.Tap-Me";
				PRODUCT_NAME = "$(TARGET_NAME)";
				PROVISIONING_PROFILE_SPECIFIER = "";
				TARGETED_DEVICE_FAMILY = 1;
			};
			name = Debug;
		};
		20780B8C1F72152400EED5EF /* Release */ = {
			isa = XCBuildConfiguration;
			buildSettings = {
				ASSETCATALOG_COMPILER_APPICON_NAME = AppIcon;
				"CODE_SIGN_IDENTITY[sdk=iphoneos*]" = "iPhone Developer";
				CODE_SIGN_STYLE = Automatic;
				DEVELOPMENT_TEAM = "";
				INFOPLIST_FILE = "Tap Me/Info.plist";
				IPHONEOS_DEPLOYMENT_TARGET = 11.0;
				LD_RUNPATH_SEARCH_PATHS = "$(inherited) @executable_path/Frameworks";
				PRODUCT_BUNDLE_IDENTIFIER = "org.rtg.Tap-Me";
				PRODUCT_NAME = "$(TARGET_NAME)";
				PROVISIONING_PROFILE_SPECIFIER = "";
				TARGETED_DEVICE_FAMILY = 1;
			};
			name = Release;
		};
/* End XCBuildConfiguration section */

/* Begin XCConfigurationList section */
		20780B6E1F72152400EED5EF /* Build configuration list for PBXProject "Tap Me" */ = {
			isa = XCConfigurationList;
			buildConfigurations = (
				20780B881F72152400EED5EF /* Debug */,
				20780B891F72152400EED5EF /* Release */,
			);
			defaultConfigurationIsVisible = 0;
			defaultConfigurationName = Debug;
		};
		20780B8A1F72152400EED5EF /* Build configuration list for PBXNativeTarget "Tap Me" */ = {
			isa = XCConfigurationList;
			buildConfigurations = (
				20780B8B1F72152400EED5EF /* Debug */,
				20780B8C1F72152400EED5EF /* Release */,
			);
			defaultConfigurationIsVisible = 0;
			defaultConfigurationName = Debug;
		};
/* End XCConfigurationList section */
	};
	rootObject = 20780B6B1F72152400EED5EF /* Project object */;
}
